
Microsoft Visual Studio Solution File, Format Version 12.00
# Visual Studio Version 17
VisualStudioVersion = 17.5.33502.453
MinimumVisualStudioVersion = 10.0.40219.1
Project("{FAE04EC0-301F-11D3-BF4B-00C04F79EFBC}") = "HWeb", "HWeb\HWeb.csproj", "{A1C9F6B8-32B4-45F6-8EF8-1E87B41EFDF6}"
EndProject
Global
	GlobalSection(SolutionConfigurationPlatforms) = preSolution
		Debug|Any CPU = Debug|Any CPU
		Release|Any CPU = Release|Any CPU
	EndGlobalSection
	GlobalSection(ProjectConfigurationPlatforms) = postSolution
		{A1C9F6B8-32B4-45F6-8EF8-1E87B41EFDF6}.Debug|Any CPU.ActiveCfg = Debug|Any CPU
		{A1C9F6B8-32B4-45F6-8EF8-1E87B41EFDF6}.Debug|Any CPU.Build.0 = Debug|Any CPU
		{A1C9F6B8-32B4-45F6-8EF8-1E87B41EFDF6}.Release|Any CPU.ActiveCfg = Release|Any CPU
		{A1C9F6B8-32B4-45F6-8EF8-1E87B41EFDF6}.Release|Any CPU.Build.0 = Release|Any CPU
	EndGlobalSection
	GlobalSection(SolutionProperties) = preSolution
		HideSolutionNode = FALSE
	EndGlobalSection
	GlobalSection(ExtensibilityGlobals) = postSolution
		SolutionGuid = {FF6CEF32-4B96-499B-B22C-CC7471B6E321}
	EndGlobalSection
EndGlobal
